// !$*UTF8*$!
{
	archiveVersion = 1;
	classes = {
	};
	objectVersion = 56;
	objects = {

/* Begin PBXBuildFile section */
		9B76FACC2985B3F3007CA4EA /* AppDelegate.swift in Sources */ = {isa = PBXBuildFile; fileRef = 9B76FACB2985B3F3007CA4EA /* AppDelegate.swift */; };
		9B76FACE2985B3F3007CA4EA /* SceneDelegate.swift in Sources */ = {isa = PBXBuildFile; fileRef = 9B76FACD2985B3F3007CA4EA /* SceneDelegate.swift */; };
		9B76FAD02985B3F3007CA4EA /* ViewController.swift in Sources */ = {isa = PBXBuildFile; fileRef = 9B76FACF2985B3F3007CA4EA /* ViewController.swift */; };
		9B76FAD32985B3F3007CA4EA /* Main.storyboard in Resources */ = {isa = PBXBuildFile; fileRef = 9B76FAD12985B3F3007CA4EA /* Main.storyboard */; };
		9B76FAD52985B3F5007CA4EA /* Assets.xcassets in Resources */ = {isa = PBXBuildFile; fileRef = 9B76FAD42985B3F5007CA4EA /* Assets.xcassets */; };
		9B76FAD82985B3F5007CA4EA /* LaunchScreen.storyboard in Resources */ = {isa = PBXBuildFile; fileRef = 9B76FAD62985B3F5007CA4EA /* LaunchScreen.storyboard */; };
		9B76FAE32985B3F6007CA4EA /* assignment_2Tests.swift in Sources */ = {isa = PBXBuildFile; fileRef = 9B76FAE22985B3F6007CA4EA /* assignment_2Tests.swift */; };
		9B76FAED2985B3F6007CA4EA /* assignment_2UITests.swift in Sources */ = {isa = PBXBuildFile; fileRef = 9B76FAEC2985B3F6007CA4EA /* assignment_2UITests.swift */; };
		9B76FAEF2985B3F6007CA4EA /* assignment_2UITestsLaunchTests.swift in Sources */ = {isa = PBXBuildFile; fileRef = 9B76FAEE2985B3F6007CA4EA /* assignment_2UITestsLaunchTests.swift */; };
/* End PBXBuildFile section */

/* Begin PBXContainerItemProxy section */
		9B76FADF2985B3F6007CA4EA /* PBXContainerItemProxy */ = {
			isa = PBXContainerItemProxy;
			containerPortal = 9B76FAC02985B3F3007CA4EA /* Project object */;
			proxyType = 1;
			remoteGlobalIDString = 9B76FAC72985B3F3007CA4EA;
			remoteInfo = "assignment#2";
		};
		9B76FAE92985B3F6007CA4EA /* PBXContainerItemProxy */ = {
			isa = PBXContainerItemProxy;
			containerPortal = 9B76FAC02985B3F3007CA4EA /* Project object */;
			proxyType = 1;
			remoteGlobalIDString = 9B76FAC72985B3F3007CA4EA;
			remoteInfo = "assignment#2";
		};
/* End PBXContainerItemProxy section */

/* Begin PBXFileReference section */
		9B76FAC82985B3F3007CA4EA /* assignment#2.app */ = {isa = PBXFileReference; explicitFileType = wrapper.application; includeInIndex = 0; path = "assignment#2.app"; sourceTree = BUILT_PRODUCTS_DIR; };
		9B76FACB2985B3F3007CA4EA /* AppDelegate.swift */ = {isa = PBXFileReference; lastKnownFileType = sourcecode.swift; path = AppDelegate.swift; sourceTree = "<group>"; };
		9B76FACD2985B3F3007CA4EA /* SceneDelegate.swift */ = {isa = PBXFileReference; lastKnownFileType = sourcecode.swift; path = SceneDelegate.swift; sourceTree = "<group>"; };
		9B76FACF2985B3F3007CA4EA /* ViewController.swift */ = {isa = PBXFileReference; lastKnownFileType = sourcecode.swift; path = ViewController.swift; sourceTree = "<group>"; };
		9B76FAD22985B3F3007CA4EA /* Base */ = {isa = PBXFileReference; lastKnownFileType = file.storyboard; name = Base; path = Base.lproj/Main.storyboard; sourceTree = "<group>"; };
		9B76FAD42985B3F5007CA4EA /* Assets.xcassets */ = {isa = PBXFileReference; lastKnownFileType = folder.assetcatalog; path = Assets.xcassets; sourceTree = "<group>"; };
		9B76FAD72985B3F5007CA4EA /* Base */ = {isa = PBXFileReference; lastKnownFileType = file.storyboard; name = Base; path = Base.lproj/LaunchScreen.storyboard; sourceTree = "<group>"; };
		9B76FAD92985B3F5007CA4EA /* Info.plist */ = {isa = PBXFileReference; lastKnownFileType = text.plist.xml; path = Info.plist; sourceTree = "<group>"; };
		9B76FADE2985B3F6007CA4EA /* assignment#2Tests.xctest */ = {isa = PBXFileReference; explicitFileType = wrapper.cfbundle; includeInIndex = 0; path = "assignment#2Tests.xctest"; sourceTree = BUILT_PRODUCTS_DIR; };
		9B76FAE22985B3F6007CA4EA /* assignment_2Tests.swift */ = {isa = PBXFileReference; lastKnownFileType = sourcecode.swift; path = assignment_2Tests.swift; sourceTree = "<group>"; };
		9B76FAE82985B3F6007CA4EA /* assignment#2UITests.xctest */ = {isa = PBXFileReference; explicitFileType = wrapper.cfbundle; includeInIndex = 0; path = "assignment#2UITests.xctest"; sourceTree = BUILT_PRODUCTS_DIR; };
		9B76FAEC2985B3F6007CA4EA /* assignment_2UITests.swift */ = {isa = PBXFileReference; lastKnownFileType = sourcecode.swift; path = assignment_2UITests.swift; sourceTree = "<group>"; };
		9B76FAEE2985B3F6007CA4EA /* assignment_2UITestsLaunchTests.swift */ = {isa = PBXFileReference; lastKnownFileType = sourcecode.swift; path = assignment_2UITestsLaunchTests.swift; sourceTree = "<group>"; };
/* End PBXFileReference section */

/* Begin PBXFrameworksBuildPhase section */
		9B76FAC52985B3F3007CA4EA /* Frameworks */ = {
			isa = PBXFrameworksBuildPhase;
			buildActionMask = 2147483647;
			files = (
			);
			runOnlyForDeploymentPostprocessing = 0;
		};
		9B76FADB2985B3F6007CA4EA /* Frameworks */ = {
			isa = PBXFrameworksBuildPhase;
			buildActionMask = 2147483647;
			files = (
			);
			runOnlyForDeploymentPostprocessing = 0;
		};
		9B76FAE52985B3F6007CA4EA /* Frameworks */ = {
			isa = PBXFrameworksBuildPhase;
			buildActionMask = 2147483647;
			files = (
			);
			runOnlyForDeploymentPostprocessing = 0;
		};
/* End PBXFrameworksBuildPhase section */

/* Begin PBXGroup section */
		9B76FABF2985B3F3007CA4EA = {
			isa = PBXGroup;
			children = (
				9B76FACA2985B3F3007CA4EA /* assignment#2 */,
				9B76FAE12985B3F6007CA4EA /* assignment#2Tests */,
				9B76FAEB2985B3F6007CA4EA /* assignment#2UITests */,
				9B76FAC92985B3F3007CA4EA /* Products */,
			);
			sourceTree = "<group>";
		};
		9B76FAC92985B3F3007CA4EA /* Products */ = {
			isa = PBXGroup;
			children = (
				9B76FAC82985B3F3007CA4EA /* assignment#2.app */,
				9B76FADE2985B3F6007CA4EA /* assignment#2Tests.xctest */,
				9B76FAE82985B3F6007CA4EA /* assignment#2UITests.xctest */,
			);
			name = Products;
			sourceTree = "<group>";
		};
		9B76FACA2985B3F3007CA4EA /* assignment#2 */ = {
			isa = PBXGroup;
			children = (
				9B76FACB2985B3F3007CA4EA /* AppDelegate.swift */,
				9B76FACD2985B3F3007CA4EA /* SceneDelegate.swift */,
				9B76FACF2985B3F3007CA4EA /* ViewController.swift */,
				9B76FAD12985B3F3007CA4EA /* Main.storyboard */,
				9B76FAD42985B3F5007CA4EA /* Assets.xcassets */,
				9B76FAD62985B3F5007CA4EA /* LaunchScreen.storyboard */,
				9B76FAD92985B3F5007CA4EA /* Info.plist */,
			);
			path = "assignment#2";
			sourceTree = "<group>";
		};
		9B76FAE12985B3F6007CA4EA /* assignment#2Tests */ = {
			isa = PBXGroup;
			children = (
				9B76FAE22985B3F6007CA4EA /* assignment_2Tests.swift */,
			);
			path = "assignment#2Tests";
			sourceTree = "<group>";
		};
		9B76FAEB2985B3F6007CA4EA /* assignment#2UITests */ = {
			isa = PBXGroup;
			children = (
				9B76FAEC2985B3F6007CA4EA /* assignment_2UITests.swift */,
				9B76FAEE2985B3F6007CA4EA /* assignment_2UITestsLaunchTests.swift */,
			);
			path = "assignment#2UITests";
			sourceTree = "<group>";
		};
/* End PBXGroup section */

/* Begin PBXNativeTarget section */
		9B76FAC72985B3F3007CA4EA /* assignment#2 */ = {
			isa = PBXNativeTarget;
			buildConfigurationList = 9B76FAF22985B3F6007CA4EA /* Build configuration list for PBXNativeTarget "assignment#2" */;
			buildPhases = (
				9B76FAC42985B3F3007CA4EA /* Sources */,
				9B76FAC52985B3F3007CA4EA /* Frameworks */,
				9B76FAC62985B3F3007CA4EA /* Resources */,
			);
			buildRules = (
			);
			dependencies = (
			);
			name = "assignment#2";
			productName = "assignment#2";
			productReference = 9B76FAC82985B3F3007CA4EA /* assignment#2.app */;
			productType = "com.apple.product-type.application";
		};
		9B76FADD2985B3F6007CA4EA /* assignment#2Tests */ = {
			isa = PBXNativeTarget;
			buildConfigurationList = 9B76FAF52985B3F6007CA4EA /* Build configuration list for PBXNativeTarget "assignment#2Tests" */;
			buildPhases = (
				9B76FADA2985B3F6007CA4EA /* Sources */,
				9B76FADB2985B3F6007CA4EA /* Frameworks */,
				9B76FADC2985B3F6007CA4EA /* Resources */,
			);
			buildRules = (
			);
			dependencies = (
				9B76FAE02985B3F6007CA4EA /* PBXTargetDependency */,
			);
			name = "assignment#2Tests";
			productName = "assignment#2Tests";
			productReference = 9B76FADE2985B3F6007CA4EA /* assignment#2Tests.xctest */;
			productType = "com.apple.product-type.bundle.unit-test";
		};
		9B76FAE72985B3F6007CA4EA /* assignment#2UITests */ = {
			isa = PBXNativeTarget;
			buildConfigurationList = 9B76FAF82985B3F6007CA4EA /* Build configuration list for PBXNativeTarget "assignment#2UITests" */;
			buildPhases = (
				9B76FAE42985B3F6007CA4EA /* Sources */,
				9B76FAE52985B3F6007CA4EA /* Frameworks */,
				9B76FAE62985B3F6007CA4EA /* Resources */,
			);
			buildRules = (
			);
			dependencies = (
				9B76FAEA2985B3F6007CA4EA /* PBXTargetDependency */,
			);
			name = "assignment#2UITests";
			productName = "assignment#2UITests";
			productReference = 9B76FAE82985B3F6007CA4EA /* assignment#2UITests.xctest */;
			productType = "com.apple.product-type.bundle.ui-testing";
		};
/* End PBXNativeTarget section */

/* Begin PBXProject section */
		9B76FAC02985B3F3007CA4EA /* Project object */ = {
			isa = PBXProject;
			attributes = {
				BuildIndependentTargetsInParallel = 1;
				LastSwiftUpdateCheck = 1420;
				LastUpgradeCheck = 1420;
				TargetAttributes = {
					9B76FAC72985B3F3007CA4EA = {
						CreatedOnToolsVersion = 14.2;
					};
					9B76FADD2985B3F6007CA4EA = {
						CreatedOnToolsVersion = 14.2;
						TestTargetID = 9B76FAC72985B3F3007CA4EA;
					};
					9B76FAE72985B3F6007CA4EA = {
						CreatedOnToolsVersion = 14.2;
						TestTargetID = 9B76FAC72985B3F3007CA4EA;
					};
				};
			};
			buildConfigurationList = 9B76FAC32985B3F3007CA4EA /* Build configuration list for PBXProject "assignment#2" */;
			compatibilityVersion = "Xcode 14.0";
			developmentRegion = en;
			hasScannedForEncodings = 0;
			knownRegions = (
				en,
				Base,
			);
			mainGroup = 9B76FABF2985B3F3007CA4EA;
			productRefGroup = 9B76FAC92985B3F3007CA4EA /* Products */;
			projectDirPath = "";
			projectRoot = "";
			targets = (
				9B76FAC72985B3F3007CA4EA /* assignment#2 */,
				9B76FADD2985B3F6007CA4EA /* assignment#2Tests */,
				9B76FAE72985B3F6007CA4EA /* assignment#2UITests */,
			);
		};
/* End PBXProject section */

/* Begin PBXResourcesBuildPhase section */
		9B76FAC62985B3F3007CA4EA /* Resources */ = {
			isa = PBXResourcesBuildPhase;
			buildActionMask = 2147483647;
			files = (
				9B76FAD82985B3F5007CA4EA /* LaunchScreen.storyboard in Resources */,
				9B76FAD52985B3F5007CA4EA /* Assets.xcassets in Resources */,
				9B76FAD32985B3F3007CA4EA /* Main.storyboard in Resources */,
			);
			runOnlyForDeploymentPostprocessing = 0;
		};
		9B76FADC2985B3F6007CA4EA /* Resources */ = {
			isa = PBXResourcesBuildPhase;
			buildActionMask = 2147483647;
			files = (
			);
			runOnlyForDeploymentPostprocessing = 0;
		};
		9B76FAE62985B3F6007CA4EA /* Resources */ = {
			isa = PBXResourcesBuildPhase;
			buildActionMask = 2147483647;
			files = (
			);
			runOnlyForDeploymentPostprocessing = 0;
		};
/* End PBXResourcesBuildPhase section */

/* Begin PBXSourcesBuildPhase section */
		9B76FAC42985B3F3007CA4EA /* Sources */ = {
			isa = PBXSourcesBuildPhase;
			buildActionMask = 2147483647;
			files = (
				9B76FAD02985B3F3007CA4EA /* ViewController.swift in Sources */,
				9B76FACC2985B3F3007CA4EA /* AppDelegate.swift in Sources */,
				9B76FACE2985B3F3007CA4EA /* SceneDelegate.swift in Sources */,
			);
			runOnlyForDeploymentPostprocessing = 0;
		};
		9B76FADA2985B3F6007CA4EA /* Sources */ = {
			isa = PBXSourcesBuildPhase;
			buildActionMask = 2147483647;
			files = (
				9B76FAE32985B3F6007CA4EA /* assignment_2Tests.swift in Sources */,
			);
			runOnlyForDeploymentPostprocessing = 0;
		};
		9B76FAE42985B3F6007CA4EA /* Sources */ = {
			isa = PBXSourcesBuildPhase;
			buildActionMask = 2147483647;
			files = (
				9B76FAEF2985B3F6007CA4EA /* assignment_2UITestsLaunchTests.swift in Sources */,
				9B76FAED2985B3F6007CA4EA /* assignment_2UITests.swift in Sources */,
			);
			runOnlyForDeploymentPostprocessing = 0;
		};
/* End PBXSourcesBuildPhase section */

/* Begin PBXTargetDependency section */
		9B76FAE02985B3F6007CA4EA /* PBXTargetDependency */ = {
			isa = PBXTargetDependency;
			target = 9B76FAC72985B3F3007CA4EA /* assignment#2 */;
			targetProxy = 9B76FADF2985B3F6007CA4EA /* PBXContainerItemProxy */;
		};
		9B76FAEA2985B3F6007CA4EA /* PBXTargetDependency */ = {
			isa = PBXTargetDependency;
			target = 9B76FAC72985B3F3007CA4EA /* assignment#2 */;
			targetProxy = 9B76FAE92985B3F6007CA4EA /* PBXContainerItemProxy */;
		};
/* End PBXTargetDependency section */

/* Begin PBXVariantGroup section */
		9B76FAD12985B3F3007CA4EA /* Main.storyboard */ = {
			isa = PBXVariantGroup;
			children = (
				9B76FAD22985B3F3007CA4EA /* Base */,
			);
			name = Main.storyboard;
			sourceTree = "<group>";
		};
		9B76FAD62985B3F5007CA4EA /* LaunchScreen.storyboard */ = {
			isa = PBXVariantGroup;
			children = (
				9B76FAD72985B3F5007CA4EA /* Base */,
			);
			name = LaunchScreen.storyboard;
			sourceTree = "<group>";
		};
/* End PBXVariantGroup section */

/* Begin XCBuildConfiguration section */
		9B76FAF02985B3F6007CA4EA /* Debug */ = {
			isa = XCBuildConfiguration;
			buildSettings = {
				ALWAYS_SEARCH_USER_PATHS = NO;
				CLANG_ANALYZER_NONNULL = YES;
				CLANG_ANALYZER_NUMBER_OBJECT_CONVERSION = YES_AGGRESSIVE;
				CLANG_CXX_LANGUAGE_STANDARD = "gnu++20";
				CLANG_ENABLE_MODULES = YES;
				CLANG_ENABLE_OBJC_ARC = YES;
				CLANG_ENABLE_OBJC_WEAK = YES;
				CLANG_WARN_BLOCK_CAPTURE_AUTORELEASING = YES;
				CLANG_WARN_BOOL_CONVERSION = YES;
				CLANG_WARN_COMMA = YES;
				CLANG_WARN_CONSTANT_CONVERSION = YES;
				CLANG_WARN_DEPRECATED_OBJC_IMPLEMENTATIONS = YES;
				CLANG_WARN_DIRECT_OBJC_ISA_USAGE = YES_ERROR;
				CLANG_WARN_DOCUMENTATION_COMMENTS = YES;
				CLANG_WARN_EMPTY_BODY = YES;
				CLANG_WARN_ENUM_CONVERSION = YES;
				CLANG_WARN_INFINITE_RECURSION = YES;
				CLANG_WARN_INT_CONVERSION = YES;
				CLANG_WARN_NON_LITERAL_NULL_CONVERSION = YES;
				CLANG_WARN_OBJC_IMPLICIT_RETAIN_SELF = YES;
				CLANG_WARN_OBJC_LITERAL_CONVERSION = YES;
				CLANG_WARN_OBJC_ROOT_CLASS = YES_ERROR;
				CLANG_WARN_QUOTED_INCLUDE_IN_FRAMEWORK_HEADER = YES;
				CLANG_WARN_RANGE_LOOP_ANALYSIS = YES;
				CLANG_WARN_STRICT_PROTOTYPES = YES;
				CLANG_WARN_SUSPICIOUS_MOVE = YES;
				CLANG_WARN_UNGUARDED_AVAILABILITY = YES_AGGRESSIVE;
				CLANG_WARN_UNREACHABLE_CODE = YES;
				CLANG_WARN__DUPLICATE_METHOD_MATCH = YES;
				COPY_PHASE_STRIP = NO;
				DEBUG_INFORMATION_FORMAT = dwarf;
				ENABLE_STRICT_OBJC_MSGSEND = YES;
				ENABLE_TESTABILITY = YES;
				GCC_C_LANGUAGE_STANDARD = gnu11;
				GCC_DYNAMIC_NO_PIC = NO;
				GCC_NO_COMMON_BLOCKS = YES;
				GCC_OPTIMIZATION_LEVEL = 0;
				GCC_PREPROCESSOR_DEFINITIONS = (
					"DEBUG=1",
					"$(inherited)",
				);
				GCC_WARN_64_TO_32_BIT_CONVERSION = YES;
				GCC_WARN_ABOUT_RETURN_TYPE = YES_ERROR;
				GCC_WARN_UNDECLARED_SELECTOR = YES;
				GCC_WARN_UNINITIALIZED_AUTOS = YES_AGGRESSIVE;
				GCC_WARN_UNUSED_FUNCTION = YES;
				GCC_WARN_UNUSED_VARIABLE = YES;
				IPHONEOS_DEPLOYMENT_TARGET = 16.2;
				MTL_ENABLE_DEBUG_INFO = INCLUDE_SOURCE;
				MTL_FAST_MATH = YES;
				ONLY_ACTIVE_ARCH = YES;
				SDKROOT = iphoneos;
				SWIFT_ACTIVE_COMPILATION_CONDITIONS = DEBUG;
				SWIFT_OPTIMIZATION_LEVEL = "-Onone";
			};
			name = Debug;
		};
		9B76FAF12985B3F6007CA4EA /* Release */ = {
			isa = XCBuildConfiguration;
			buildSettings = {
				ALWAYS_SEARCH_USER_PATHS = NO;
				CLANG_ANALYZER_NONNULL = YES;
				CLANG_ANALYZER_NUMBER_OBJECT_CONVERSION = YES_AGGRESSIVE;
				CLANG_CXX_LANGUAGE_STANDARD = "gnu++20";
				CLANG_ENABLE_MODULES = YES;
				CLANG_ENABLE_OBJC_ARC = YES;
				CLANG_ENABLE_OBJC_WEAK = YES;
				CLANG_WARN_BLOCK_CAPTURE_AUTORELEASING = YES;
				CLANG_WARN_BOOL_CONVERSION = YES;
				CLANG_WARN_COMMA = YES;
				CLANG_WARN_CONSTANT_CONVERSION = YES;
				CLANG_WARN_DEPRECATED_OBJC_IMPLEMENTATIONS = YES;
				CLANG_WARN_DIRECT_OBJC_ISA_USAGE = YES_ERROR;
				CLANG_WARN_DOCUMENTATION_COMMENTS = YES;
				CLANG_WARN_EMPTY_BODY = YES;
				CLANG_WARN_ENUM_CONVERSION = YES;
				CLANG_WARN_INFINITE_RECURSION = YES;
				CLANG_WARN_INT_CONVERSION = YES;
				CLANG_WARN_NON_LITERAL_NULL_CONVERSION = YES;
				CLANG_WARN_OBJC_IMPLICIT_RETAIN_SELF = YES;
				CLANG_WARN_OBJC_LITERAL_CONVERSION = YES;
				CLANG_WARN_OBJC_ROOT_CLASS = YES_ERROR;
				CLANG_WARN_QUOTED_INCLUDE_IN_FRAMEWORK_HEADER = YES;
				CLANG_WARN_RANGE_LOOP_ANALYSIS = YES;
				CLANG_WARN_STRICT_PROTOTYPES = YES;
				CLANG_WARN_SUSPICIOUS_MOVE = YES;
				CLANG_WARN_UNGUARDED_AVAILABILITY = YES_AGGRESSIVE;
				CLANG_WARN_UNREACHABLE_CODE = YES;
				CLANG_WARN__DUPLICATE_METHOD_MATCH = YES;
				COPY_PHASE_STRIP = NO;
				DEBUG_INFORMATION_FORMAT = "dwarf-with-dsym";
				ENABLE_NS_ASSERTIONS = NO;
				ENABLE_STRICT_OBJC_MSGSEND = YES;
				GCC_C_LANGUAGE_STANDARD = gnu11;
				GCC_NO_COMMON_BLOCKS = YES;
				GCC_WARN_64_TO_32_BIT_CONVERSION = YES;
				GCC_WARN_ABOUT_RETURN_TYPE = YES_ERROR;
				GCC_WARN_UNDECLARED_SELECTOR = YES;
				GCC_WARN_UNINITIALIZED_AUTOS = YES_AGGRESSIVE;
				GCC_WARN_UNUSED_FUNCTION = YES;
				GCC_WARN_UNUSED_VARIABLE = YES;
				IPHONEOS_DEPLOYMENT_TARGET = 16.2;
				MTL_ENABLE_DEBUG_INFO = NO;
				MTL_FAST_MATH = YES;
				SDKROOT = iphoneos;
				SWIFT_COMPILATION_MODE = wholemodule;
				SWIFT_OPTIMIZATION_LEVEL = "-O";
				VALIDATE_PRODUCT = YES;
			};
			name = Release;
		};
		9B76FAF32985B3F6007CA4EA /* Debug */ = {
			isa = XCBuildConfiguration;
			buildSettings = {
				ASSETCATALOG_COMPILER_APPICON_NAME = AppIcon;
				ASSETCATALOG_COMPILER_GLOBAL_ACCENT_COLOR_NAME = AccentColor;
				CODE_SIGN_STYLE = Automatic;
				CURRENT_PROJECT_VERSION = 1;
				GENERATE_INFOPLIST_FILE = YES;
				INFOPLIST_FILE = "assignment#2/Info.plist";
				INFOPLIST_KEY_UIApplicationSupportsIndirectInputEvents = YES;
				INFOPLIST_KEY_UILaunchStoryboardName = LaunchScreen;
				INFOPLIST_KEY_UIMainStoryboardFile = Main;
				INFOPLIST_KEY_UISupportedInterfaceOrientations_iPad = "UIInterfaceOrientationPortrait UIInterfaceOrientationPortraitUpsideDown UIInterfaceOrientationLandscapeLeft UIInterfaceOrientationLandscapeRight";
				INFOPLIST_KEY_UISupportedInterfaceOrientations_iPhone = "UIInterfaceOrientationPortrait UIInterfaceOrientationLandscapeLeft UIInterfaceOrientationLandscapeRight";
				LD_RUNPATH_SEARCH_PATHS = (
					"$(inherited)",
					"@executable_path/Frameworks",
				);
				MARKETING_VERSION = 1.0;
				PRODUCT_BUNDLE_IDENTIFIER = "AUCS.assignment-2";
				PRODUCT_NAME = "$(TARGET_NAME)";
				SWIFT_EMIT_LOC_STRINGS = YES;
				SWIFT_VERSION = 5.0;
				TARGETED_DEVICE_FAMILY = "1,2";
			};
			name = Debug;
		};
		9B76FAF42985B3F6007CA4EA /* Release */ = {
			isa = XCBuildConfiguration;
			buildSettings = {
				ASSETCATALOG_COMPILER_APPICON_NAME = AppIcon;
				ASSETCATALOG_COMPILER_GLOBAL_ACCENT_COLOR_NAME = AccentColor;
				CODE_SIGN_STYLE = Automatic;
				CURRENT_PROJECT_VERSION = 1;
				GENERATE_INFOPLIST_FILE = YES;
				INFOPLIST_FILE = "assignment#2/Info.plist";
				INFOPLIST_KEY_UIApplicationSupportsIndirectInputEvents = YES;
				INFOPLIST_KEY_UILaunchStoryboardName = LaunchScreen;
				INFOPLIST_KEY_UIMainStoryboardFile = Main;
				INFOPLIST_KEY_UISupportedInterfaceOrientations_iPad = "UIInterfaceOrientationPortrait UIInterfaceOrientationPortraitUpsideDown UIInterfaceOrientationLandscapeLeft UIInterfaceOrientationLandscapeRight";
				INFOPLIST_KEY_UISupportedInterfaceOrientations_iPhone = "UIInterfaceOrientationPortrait UIInterfaceOrientationLandscapeLeft UIInterfaceOrientationLandscapeRight";
				LD_RUNPATH_SEARCH_PATHS = (
					"$(inherited)",
					"@executable_path/Frameworks",
				);
				MARKETING_VERSION = 1.0;
				PRODUCT_BUNDLE_IDENTIFIER = "AUCS.assignment-2";
				PRODUCT_NAME = "$(TARGET_NAME)";
				SWIFT_EMIT_LOC_STRINGS = YES;
				SWIFT_VERSION = 5.0;
				TARGETED_DEVICE_FAMILY = "1,2";
			};
			name = Release;
		};
		9B76FAF62985B3F6007CA4EA /* Debug */ = {
			isa = XCBuildConfiguration;
			buildSettings = {
				ALWAYS_EMBED_SWIFT_STANDARD_LIBRARIES = YES;
				BUNDLE_LOADER = "$(TEST_HOST)";
				CODE_SIGN_STYLE = Automatic;
				CURRENT_PROJECT_VERSION = 1;
				GENERATE_INFOPLIST_FILE = YES;
				IPHONEOS_DEPLOYMENT_TARGET = 16.2;
				MARKETING_VERSION = 1.0;
				PRODUCT_BUNDLE_IDENTIFIER = "AUCS.assignment-2Tests";
				PRODUCT_NAME = "$(TARGET_NAME)";
				SWIFT_EMIT_LOC_STRINGS = NO;
				SWIFT_VERSION = 5.0;
				TARGETED_DEVICE_FAMILY = "1,2";
				TEST_HOST = "$(BUILT_PRODUCTS_DIR)/assignment#2.app/$(BUNDLE_EXECUTABLE_FOLDER_PATH)/assignment#2";
			};
			name = Debug;
		};
		9B76FAF72985B3F6007CA4EA /* Release */ = {
			isa = XCBuildConfiguration;
			buildSettings = {
				ALWAYS_EMBED_SWIFT_STANDARD_LIBRARIES = YES;
				BUNDLE_LOADER = "$(TEST_HOST)";
				CODE_SIGN_STYLE = Automatic;
				CURRENT_PROJECT_VERSION = 1;
				GENERATE_INFOPLIST_FILE = YES;
				IPHONEOS_DEPLOYMENT_TARGET = 16.2;
				MARKETING_VERSION = 1.0;
				PRODUCT_BUNDLE_IDENTIFIER = "AUCS.assignment-2Tests";
				PRODUCT_NAME = "$(TARGET_NAME)";
				SWIFT_EMIT_LOC_STRINGS = NO;
				SWIFT_VERSION = 5.0;
				TARGETED_DEVICE_FAMILY = "1,2";
				TEST_HOST = "$(BUILT_PRODUCTS_DIR)/assignment#2.app/$(BUNDLE_EXECUTABLE_FOLDER_PATH)/assignment#2";
			};
			name = Release;
		};
		9B76FAF92985B3F6007CA4EA /* Debug */ = {
			isa = XCBuildConfiguration;
			buildSettings = {
				ALWAYS_EMBED_SWIFT_STANDARD_LIBRARIES = YES;
				CODE_SIGN_STYLE = Automatic;
				CURRENT_PROJECT_VERSION = 1;
				GENERATE_INFOPLIST_FILE = YES;
				MARKETING_VERSION = 1.0;
				PRODUCT_BUNDLE_IDENTIFIER = "AUCS.assignment-2UITests";
				PRODUCT_NAME = "$(TARGET_NAME)";
				SWIFT_EMIT_LOC_STRINGS = NO;
				SWIFT_VERSION = 5.0;
				TARGETED_DEVICE_FAMILY = "1,2";
				TEST_TARGET_NAME = "assignment#2";
			};
			name = Debug;
		};
		9B76FAFA2985B3F6007CA4EA /* Release */ = {
			isa = XCBuildConfiguration;
			buildSettings = {
				ALWAYS_EMBED_SWIFT_STANDARD_LIBRARIES = YES;
				CODE_SIGN_STYLE = Automatic;
				CURRENT_PROJECT_VERSION = 1;
				GENERATE_INFOPLIST_FILE = YES;
				MARKETING_VERSION = 1.0;
				PRODUCT_BUNDLE_IDENTIFIER = "AUCS.assignment-2UITests";
				PRODUCT_NAME = "$(TARGET_NAME)";
				SWIFT_EMIT_LOC_STRINGS = NO;
				SWIFT_VERSION = 5.0;
				TARGETED_DEVICE_FAMILY = "1,2";
				TEST_TARGET_NAME = "assignment#2";
			};
			name = Release;
		};
/* End XCBuildConfiguration section */

/* Begin XCConfigurationList section */
		9B76FAC32985B3F3007CA4EA /* Build configuration list for PBXProject "assignment#2" */ = {
			isa = XCConfigurationList;
			buildConfigurations = (
				9B76FAF02985B3F6007CA4EA /* Debug */,
				9B76FAF12985B3F6007CA4EA /* Release */,
			);
			defaultConfigurationIsVisible = 0;
			defaultConfigurationName = Release;
		};
		9B76FAF22985B3F6007CA4EA /* Build configuration list for PBXNativeTarget "assignment#2" */ = {
			isa = XCConfigurationList;
			buildConfigurations = (
				9B76FAF32985B3F6007CA4EA /* Debug */,
				9B76FAF42985B3F6007CA4EA /* Release */,
			);
			defaultConfigurationIsVisible = 0;
			defaultConfigurationName = Release;
		};
		9B76FAF52985B3F6007CA4EA /* Build configuration list for PBXNativeTarget "assignment#2Tests" */ = {
			isa = XCConfigurationList;
			buildConfigurations = (
				9B76FAF62985B3F6007CA4EA /* Debug */,
				9B76FAF72985B3F6007CA4EA /* Release */,
			);
			defaultConfigurationIsVisible = 0;
			defaultConfigurationName = Release;
		};
		9B76FAF82985B3F6007CA4EA /* Build configuration list for PBXNativeTarget "assignment#2UITests" */ = {
			isa = XCConfigurationList;
			buildConfigurations = (
				9B76FAF92985B3F6007CA4EA /* Debug */,
				9B76FAFA2985B3F6007CA4EA /* Release */,
			);
			defaultConfigurationIsVisible = 0;
			defaultConfigurationName = Release;
		};
/* End XCConfigurationList section */
	};
	rootObject = 9B76FAC02985B3F3007CA4EA /* Project object */;
}
